
Microsoft Visual Studio Solution File, Format Version 12.00
# Visual Studio 2013
VisualStudioVersion = 12.0.21005.1
MinimumVisualStudioVersion = 10.0.40219.1
Project("{FAE04EC0-301F-11D3-BF4B-00C04F79EFBC}") = "CuotaSystem", "CuotaSystem\CuotaSystem.csproj", "{260B6348-FBC4-4998-A334-40C3D9A5F20B}"
EndProject
Project("{FAE04EC0-301F-11D3-BF4B-00C04F79EFBC}") = "Negocio", "Negocio\Negocio.csproj", "{235ABE74-4469-4345-937C-459BC9D897A4}"
EndProject
Project("{FAE04EC0-301F-11D3-BF4B-00C04F79EFBC}") = "Repositorio", "Repositorio\Repositorio.csproj", "{7E1D2494-73B3-4F09-940C-C475F1F0DAE0}"
EndProject
Project("{FAE04EC0-301F-11D3-BF4B-00C04F79EFBC}") = "Dominio", "Dominio\Dominio.csproj", "{2891321E-A8DC-4EB9-8175-115FCB852386}"
EndProject
Project("{FAE04EC0-301F-11D3-BF4B-00C04F79EFBC}") = "Excepciones", "Excepciones\Excepciones.csproj", "{7062A72E-B046-4B37-BED3-923B8DD43E55}"
EndProject
Global
	GlobalSection(SolutionConfigurationPlatforms) = preSolution
		Debug|Any CPU = Debug|Any CPU
		Release|Any CPU = Release|Any CPU
	EndGlobalSection
	GlobalSection(ProjectConfigurationPlatforms) = postSolution
		{260B6348-FBC4-4998-A334-40C3D9A5F20B}.Debug|Any CPU.ActiveCfg = Debug|Any CPU
		{260B6348-FBC4-4998-A334-40C3D9A5F20B}.Debug|Any CPU.Build.0 = Debug|Any CPU
		{260B6348-FBC4-4998-A334-40C3D9A5F20B}.Release|Any CPU.ActiveCfg = Release|Any CPU
		{260B6348-FBC4-4998-A334-40C3D9A5F20B}.Release|Any CPU.Build.0 = Release|Any CPU
		{235ABE74-4469-4345-937C-459BC9D897A4}.Debug|Any CPU.ActiveCfg = Debug|Any CPU
		{235ABE74-4469-4345-937C-459BC9D897A4}.Debug|Any CPU.Build.0 = Debug|Any CPU
		{235ABE74-4469-4345-937C-459BC9D897A4}.Release|Any CPU.ActiveCfg = Release|Any CPU
		{235ABE74-4469-4345-937C-459BC9D897A4}.Release|Any CPU.Build.0 = Release|Any CPU
		{7E1D2494-73B3-4F09-940C-C475F1F0DAE0}.Debug|Any CPU.ActiveCfg = Debug|Any CPU
		{7E1D2494-73B3-4F09-940C-C475F1F0DAE0}.Debug|Any CPU.Build.0 = Debug|Any CPU
		{7E1D2494-73B3-4F09-940C-C475F1F0DAE0}.Release|Any CPU.ActiveCfg = Release|Any CPU
		{7E1D2494-73B3-4F09-940C-C475F1F0DAE0}.Release|Any CPU.Build.0 = Release|Any CPU
		{2891321E-A8DC-4EB9-8175-115FCB852386}.Debug|Any CPU.ActiveCfg = Debug|Any CPU
		{2891321E-A8DC-4EB9-8175-115FCB852386}.Debug|Any CPU.Build.0 = Debug|Any CPU
		{2891321E-A8DC-4EB9-8175-115FCB852386}.Release|Any CPU.ActiveCfg = Release|Any CPU
		{2891321E-A8DC-4EB9-8175-115FCB852386}.Release|Any CPU.Build.0 = Release|Any CPU
		{7062A72E-B046-4B37-BED3-923B8DD43E55}.Debug|Any CPU.ActiveCfg = Debug|Any CPU
		{7062A72E-B046-4B37-BED3-923B8DD43E55}.Debug|Any CPU.Build.0 = Debug|Any CPU
		{7062A72E-B046-4B37-BED3-923B8DD43E55}.Release|Any CPU.ActiveCfg = Release|Any CPU
		{7062A72E-B046-4B37-BED3-923B8DD43E55}.Release|Any CPU.Build.0 = Release|Any CPU
	EndGlobalSection
	GlobalSection(SolutionProperties) = preSolution
		HideSolutionNode = FALSE
	EndGlobalSection
	GlobalSection(ExtensibilityGlobals) = postSolution
		ShowOldMenu = False
		IndexUsingAttrib = False
		FetchGroupUsingAttrib = True
		VersionFieldUsingAttrib = True
	EndGlobalSection
EndGlobal
